
Microsoft Visual Studio Solution File, Format Version 12.00
# Visual Studio 15
VisualStudioVersion = 15.0.27703.2018
MinimumVisualStudioVersion = 10.0.40219.1
Project("{FAE04EC0-301F-11D3-BF4B-00C04F79EFBC}") = "Mail", "Mail\Mail.csproj", "{A227C458-1178-4F1A-A5DC-B756B0EC1525}"
EndProject
Global
	GlobalSection(SolutionConfigurationPlatforms) = preSolution
		Debug|Any CPU = Debug|Any CPU
		Release|Any CPU = Release|Any CPU
	EndGlobalSection
	GlobalSection(ProjectConfigurationPlatforms) = postSolution
		{A227C458-1178-4F1A-A5DC-B756B0EC1525}.Debug|Any CPU.ActiveCfg = Debug|Any CPU
		{A227C458-1178-4F1A-A5DC-B756B0EC1525}.Debug|Any CPU.Build.0 = Debug|Any CPU
		{A227C458-1178-4F1A-A5DC-B756B0EC1525}.Release|Any CPU.ActiveCfg = Release|Any CPU
		{A227C458-1178-4F1A-A5DC-B756B0EC1525}.Release|Any CPU.Build.0 = Release|Any CPU
	EndGlobalSection
	GlobalSection(SolutionProperties) = preSolution
		HideSolutionNode = FALSE
	EndGlobalSection
	GlobalSection(ExtensibilityGlobals) = postSolution
		SolutionGuid = {75B2D135-6A98-49D1-9838-6E0E25F63E08}
	EndGlobalSection
EndGlobal
